{
  "version": "5",
  "specifiers": {
    "jsr:@std/assert@1": "1.0.17",
    "jsr:@std/internal@^1.0.12": "1.0.12",
    "npm:@types/ws@^8.18.1": "8.18.1",
    "npm:ws@^8.19.0": "8.19.0"
  },
  "jsr": {
    "@std/assert@1.0.17": {
      "integrity": "df5ebfffe77c03b3fa1401e11c762cc8f603d51021c56c4d15a8c7ab45e90dbe",
      "dependencies": [
        "jsr:@std/internal"
      ]
    },
    "@std/internal@1.0.12": {
      "integrity": "972a634fd5bc34b242024402972cd5143eac68d8dffaca5eaa4dba30ce17b027"
    }
  },
  "npm": {
    "@types/node@25.0.9": {
      "integrity": "sha512-/rpCXHlCWeqClNBwUhDcusJxXYDjZTyE8v5oTO7WbL8eij2nKhUeU89/6xgjU7N4/Vh3He0BtyhJdQbDyhiXAw==",
      "dependencies": [
        "undici-types"
      ]
    },
    "@types/ws@8.18.1": {
      "integrity": "sha512-ThVF6DCVhA8kUGy+aazFQ4kXQ7E1Ty7A3ypFOe0IcJV8O/M511G99AW24irKrW56Wt44yG9+ij8FaqoBGkuBXg==",
      "dependencies": [
        "@types/node"
      ]
    },
    "undici-types@7.16.0": {
      "integrity": "sha512-Zz+aZWSj8LE6zoxD+xrjh4VfkIG8Ya6LvYkZqtUQGJPZjYl53ypCaUwWqo7eI0x66KBGeRo+mlBEkMSeSZ38Nw=="
    },
    "ws@8.19.0": {
      "integrity": "sha512-blAT2mjOEIi0ZzruJfIhb3nps74PRWTCz1IjglWEEpQl5XS/UNama6u2/rjFkDDouqr4L67ry+1aGIALViWjDg=="
    }
  },
  "workspace": {
    "dependencies": [
      "jsr:@std/assert@1",
      "npm:@types/ws@^8.18.1",
      "npm:ws@^8.19.0"
    ],
    "packageJson": {
      "dependencies": [
        "npm:@types/bun@latest"
      ]
    }
  }
}
